// !$*UTF8*$!
{
	archiveVersion = 1;
	classes = {
	};
	objectVersion = 50;
	objects = {

/* Begin PBXBuildFile section */
		6A86C0F225DCE1B700BE1D7D /* HomeCollectionViewCell.swift in Sources */ = {isa = PBXBuildFile; fileRef = 6A86C0F125DCE1B700BE1D7D /* HomeCollectionViewCell.swift */; };
		6A86C0F625DCF7CF00BE1D7D /* Assets.xcassets in Resources */ = {isa = PBXBuildFile; fileRef = 6A86C0F525DCF7CF00BE1D7D /* Assets.xcassets */; };
		6A86C0F925DD07E400BE1D7D /* CollectionViewShadowDesign.swift in Sources */ = {isa = PBXBuildFile; fileRef = 6A86C0F825DD07E400BE1D7D /* CollectionViewShadowDesign.swift */; };
		6A93AFE525DAAAE600745E20 /* AppDelegate.swift in Sources */ = {isa = PBXBuildFile; fileRef = 6A93AFE425DAAAE600745E20 /* AppDelegate.swift */; };
		6A93AFE725DAAAE600745E20 /* SceneDelegate.swift in Sources */ = {isa = PBXBuildFile; fileRef = 6A93AFE625DAAAE600745E20 /* SceneDelegate.swift */; };
		6A93AFE925DAAAE600745E20 /* LoginViewController.swift in Sources */ = {isa = PBXBuildFile; fileRef = 6A93AFE825DAAAE600745E20 /* LoginViewController.swift */; };
		6A93AFEC25DAAAE600745E20 /* Main.storyboard in Resources */ = {isa = PBXBuildFile; fileRef = 6A93AFEA25DAAAE600745E20 /* Main.storyboard */; };
		6A93AFF125DAAAE700745E20 /* LaunchScreen.storyboard in Resources */ = {isa = PBXBuildFile; fileRef = 6A93AFEF25DAAAE700745E20 /* LaunchScreen.storyboard */; };
		6A93AFFA25DAAB8300745E20 /* LineViewDesign.swift in Sources */ = {isa = PBXBuildFile; fileRef = 6A93AFF925DAAB8300745E20 /* LineViewDesign.swift */; };
		6A93AFFD25DAAB9100745E20 /* PurpleButtonDesign.swift in Sources */ = {isa = PBXBuildFile; fileRef = 6A93AFFC25DAAB9100745E20 /* PurpleButtonDesign.swift */; };
		6A93B00225DAB09200745E20 /* LineButtonDesign.swift in Sources */ = {isa = PBXBuildFile; fileRef = 6A93B00125DAB09200745E20 /* LineButtonDesign.swift */; };
		6A93B00625DAB61C00745E20 /* SignUpAgreementViewController.swift in Sources */ = {isa = PBXBuildFile; fileRef = 6A93B00525DAB61C00745E20 /* SignUpAgreementViewController.swift */; };
		6A93B00B25DAB7D700745E20 /* GrayViewDesign.swift in Sources */ = {isa = PBXBuildFile; fileRef = 6A93B00A25DAB7D700745E20 /* GrayViewDesign.swift */; };
		6A93B00F25DAB9EA00745E20 /* AgreementButtonDesign.swift in Sources */ = {isa = PBXBuildFile; fileRef = 6A93B00E25DAB9EA00745E20 /* AgreementButtonDesign.swift */; };
		6A93B01925DABC8A00745E20 /* PurpleConfirmButtonDesign.swift in Sources */ = {isa = PBXBuildFile; fileRef = 6A93B01825DABC8A00745E20 /* PurpleConfirmButtonDesign.swift */; };
		6ADF71CB25DCCB0D00FE84CA /* HomeViewController.swift in Sources */ = {isa = PBXBuildFile; fileRef = 6ADF71CA25DCCB0D00FE84CA /* HomeViewController.swift */; };
/* End PBXBuildFile section */

/* Begin PBXFileReference section */
		6A86C0F125DCE1B700BE1D7D /* HomeCollectionViewCell.swift */ = {isa = PBXFileReference; lastKnownFileType = sourcecode.swift; path = HomeCollectionViewCell.swift; sourceTree = "<group>"; };
		6A86C0F525DCF7CF00BE1D7D /* Assets.xcassets */ = {isa = PBXFileReference; lastKnownFileType = folder.assetcatalog; path = Assets.xcassets; sourceTree = "<group>"; };
		6A86C0F825DD07E400BE1D7D /* CollectionViewShadowDesign.swift */ = {isa = PBXFileReference; lastKnownFileType = sourcecode.swift; path = CollectionViewShadowDesign.swift; sourceTree = "<group>"; };
		6A93AFE125DAAAE600745E20 /* DeliveryMinhyuk.app */ = {isa = PBXFileReference; explicitFileType = wrapper.application; includeInIndex = 0; path = DeliveryMinhyuk.app; sourceTree = BUILT_PRODUCTS_DIR; };
		6A93AFE425DAAAE600745E20 /* AppDelegate.swift */ = {isa = PBXFileReference; lastKnownFileType = sourcecode.swift; path = AppDelegate.swift; sourceTree = "<group>"; };
		6A93AFE625DAAAE600745E20 /* SceneDelegate.swift */ = {isa = PBXFileReference; lastKnownFileType = sourcecode.swift; path = SceneDelegate.swift; sourceTree = "<group>"; };
		6A93AFE825DAAAE600745E20 /* LoginViewController.swift */ = {isa = PBXFileReference; lastKnownFileType = sourcecode.swift; path = LoginViewController.swift; sourceTree = "<group>"; };
		6A93AFEB25DAAAE600745E20 /* Base */ = {isa = PBXFileReference; lastKnownFileType = file.storyboard; name = Base; path = Base.lproj/Main.storyboard; sourceTree = "<group>"; };
		6A93AFF025DAAAE700745E20 /* Base */ = {isa = PBXFileReference; lastKnownFileType = file.storyboard; name = Base; path = Base.lproj/LaunchScreen.storyboard; sourceTree = "<group>"; };
		6A93AFF225DAAAE700745E20 /* Info.plist */ = {isa = PBXFileReference; lastKnownFileType = text.plist.xml; path = Info.plist; sourceTree = "<group>"; };
		6A93AFF925DAAB8300745E20 /* LineViewDesign.swift */ = {isa = PBXFileReference; lastKnownFileType = sourcecode.swift; path = LineViewDesign.swift; sourceTree = "<group>"; };
		6A93AFFC25DAAB9100745E20 /* PurpleButtonDesign.swift */ = {isa = PBXFileReference; lastKnownFileType = sourcecode.swift; path = PurpleButtonDesign.swift; sourceTree = "<group>"; };
		6A93B00125DAB09200745E20 /* LineButtonDesign.swift */ = {isa = PBXFileReference; lastKnownFileType = sourcecode.swift; path = LineButtonDesign.swift; sourceTree = "<group>"; };
		6A93B00525DAB61C00745E20 /* SignUpAgreementViewController.swift */ = {isa = PBXFileReference; lastKnownFileType = sourcecode.swift; path = SignUpAgreementViewController.swift; sourceTree = "<group>"; };
		6A93B00A25DAB7D700745E20 /* GrayViewDesign.swift */ = {isa = PBXFileReference; lastKnownFileType = sourcecode.swift; path = GrayViewDesign.swift; sourceTree = "<group>"; };
		6A93B00E25DAB9EA00745E20 /* AgreementButtonDesign.swift */ = {isa = PBXFileReference; lastKnownFileType = sourcecode.swift; path = AgreementButtonDesign.swift; sourceTree = "<group>"; };
		6A93B01825DABC8A00745E20 /* PurpleConfirmButtonDesign.swift */ = {isa = PBXFileReference; lastKnownFileType = sourcecode.swift; path = PurpleConfirmButtonDesign.swift; sourceTree = "<group>"; };
		6ADF71CA25DCCB0D00FE84CA /* HomeViewController.swift */ = {isa = PBXFileReference; lastKnownFileType = sourcecode.swift; path = HomeViewController.swift; sourceTree = "<group>"; };
/* End PBXFileReference section */

/* Begin PBXFrameworksBuildPhase section */
		6A93AFDE25DAAAE600745E20 /* Frameworks */ = {
			isa = PBXFrameworksBuildPhase;
			buildActionMask = 2147483647;
			files = (
			);
			runOnlyForDeploymentPostprocessing = 0;
		};
/* End PBXFrameworksBuildPhase section */

/* Begin PBXGroup section */
		6A93AFD825DAAAE600745E20 = {
			isa = PBXGroup;
			children = (
				6A93AFE325DAAAE600745E20 /* DeliveryMinhyuk */,
				6A93AFE225DAAAE600745E20 /* Products */,
			);
			sourceTree = "<group>";
		};
		6A93AFE225DAAAE600745E20 /* Products */ = {
			isa = PBXGroup;
			children = (
				6A93AFE125DAAAE600745E20 /* DeliveryMinhyuk.app */,
			);
			name = Products;
			sourceTree = "<group>";
		};
		6A93AFE325DAAAE600745E20 /* DeliveryMinhyuk */ = {
			isa = PBXGroup;
			children = (
				6A93B00825DAB62700745E20 /* ViewController */,
				6A93AFFF25DAABA600745E20 /* Design */,
				6A93AFE425DAAAE600745E20 /* AppDelegate.swift */,
				6A93AFE625DAAAE600745E20 /* SceneDelegate.swift */,
				6A93AFEA25DAAAE600745E20 /* Main.storyboard */,
				6A93AFEF25DAAAE700745E20 /* LaunchScreen.storyboard */,
				6A86C0F525DCF7CF00BE1D7D /* Assets.xcassets */,
				6A93AFF225DAAAE700745E20 /* Info.plist */,
			);
			path = DeliveryMinhyuk;
			sourceTree = "<group>";
		};
		6A93AFFF25DAABA600745E20 /* Design */ = {
			isa = PBXGroup;
			children = (
				6A93AFFC25DAAB9100745E20 /* PurpleButtonDesign.swift */,
				6A93B00A25DAB7D700745E20 /* GrayViewDesign.swift */,
				6A93AFF925DAAB8300745E20 /* LineViewDesign.swift */,
				6A93B00125DAB09200745E20 /* LineButtonDesign.swift */,
				6A93B00E25DAB9EA00745E20 /* AgreementButtonDesign.swift */,
				6A93B01825DABC8A00745E20 /* PurpleConfirmButtonDesign.swift */,
				6A86C0F825DD07E400BE1D7D /* CollectionViewShadowDesign.swift */,
			);
			path = Design;
			sourceTree = "<group>";
		};
		6A93B00825DAB62700745E20 /* ViewController */ = {
			isa = PBXGroup;
			children = (
				6A93AFE825DAAAE600745E20 /* LoginViewController.swift */,
				6A93B00525DAB61C00745E20 /* SignUpAgreementViewController.swift */,
				6ADF71CA25DCCB0D00FE84CA /* HomeViewController.swift */,
				6A86C0F125DCE1B700BE1D7D /* HomeCollectionViewCell.swift */,
			);
			path = ViewController;
			sourceTree = "<group>";
		};
/* End PBXGroup section */

/* Begin PBXNativeTarget section */
		6A93AFE025DAAAE600745E20 /* DeliveryMinhyuk */ = {
			isa = PBXNativeTarget;
			buildConfigurationList = 6A93AFF525DAAAE700745E20 /* Build configuration list for PBXNativeTarget "DeliveryMinhyuk" */;
			buildPhases = (
				6A93AFDD25DAAAE600745E20 /* Sources */,
				6A93AFDE25DAAAE600745E20 /* Frameworks */,
				6A93AFDF25DAAAE600745E20 /* Resources */,
			);
			buildRules = (
			);
			dependencies = (
			);
			name = DeliveryMinhyuk;
			productName = DeliveryMinhyuk;
			productReference = 6A93AFE125DAAAE600745E20 /* DeliveryMinhyuk.app */;
			productType = "com.apple.product-type.application";
		};
/* End PBXNativeTarget section */

/* Begin PBXProject section */
		6A93AFD925DAAAE600745E20 /* Project object */ = {
			isa = PBXProject;
			attributes = {
				LastSwiftUpdateCheck = 1240;
				LastUpgradeCheck = 1240;
				TargetAttributes = {
					6A93AFE025DAAAE600745E20 = {
						CreatedOnToolsVersion = 12.4;
					};
				};
			};
			buildConfigurationList = 6A93AFDC25DAAAE600745E20 /* Build configuration list for PBXProject "DeliveryMinhyuk" */;
			compatibilityVersion = "Xcode 9.3";
			developmentRegion = en;
			hasScannedForEncodings = 0;
			knownRegions = (
				en,
				Base,
			);
			mainGroup = 6A93AFD825DAAAE600745E20;
			productRefGroup = 6A93AFE225DAAAE600745E20 /* Products */;
			projectDirPath = "";
			projectRoot = "";
			targets = (
				6A93AFE025DAAAE600745E20 /* DeliveryMinhyuk */,
			);
		};
/* End PBXProject section */

/* Begin PBXResourcesBuildPhase section */
		6A93AFDF25DAAAE600745E20 /* Resources */ = {
			isa = PBXResourcesBuildPhase;
			buildActionMask = 2147483647;
			files = (
				6A93AFF125DAAAE700745E20 /* LaunchScreen.storyboard in Resources */,
				6A86C0F625DCF7CF00BE1D7D /* Assets.xcassets in Resources */,
				6A93AFEC25DAAAE600745E20 /* Main.storyboard in Resources */,
			);
			runOnlyForDeploymentPostprocessing = 0;
		};
/* End PBXResourcesBuildPhase section */

/* Begin PBXSourcesBuildPhase section */
		6A93AFDD25DAAAE600745E20 /* Sources */ = {
			isa = PBXSourcesBuildPhase;
			buildActionMask = 2147483647;
			files = (
				6A93AFFD25DAAB9100745E20 /* PurpleButtonDesign.swift in Sources */,
				6A93AFFA25DAAB8300745E20 /* LineViewDesign.swift in Sources */,
				6A93AFE925DAAAE600745E20 /* LoginViewController.swift in Sources */,
				6A93B00225DAB09200745E20 /* LineButtonDesign.swift in Sources */,
				6A93AFE525DAAAE600745E20 /* AppDelegate.swift in Sources */,
				6A93B00625DAB61C00745E20 /* SignUpAgreementViewController.swift in Sources */,
				6A93B01925DABC8A00745E20 /* PurpleConfirmButtonDesign.swift in Sources */,
				6ADF71CB25DCCB0D00FE84CA /* HomeViewController.swift in Sources */,
				6A93AFE725DAAAE600745E20 /* SceneDelegate.swift in Sources */,
				6A93B00F25DAB9EA00745E20 /* AgreementButtonDesign.swift in Sources */,
				6A93B00B25DAB7D700745E20 /* GrayViewDesign.swift in Sources */,
				6A86C0F225DCE1B700BE1D7D /* HomeCollectionViewCell.swift in Sources */,
				6A86C0F925DD07E400BE1D7D /* CollectionViewShadowDesign.swift in Sources */,
			);
			runOnlyForDeploymentPostprocessing = 0;
		};
/* End PBXSourcesBuildPhase section */

/* Begin PBXVariantGroup section */
		6A93AFEA25DAAAE600745E20 /* Main.storyboard */ = {
			isa = PBXVariantGroup;
			children = (
				6A93AFEB25DAAAE600745E20 /* Base */,
			);
			name = Main.storyboard;
			sourceTree = "<group>";
		};
		6A93AFEF25DAAAE700745E20 /* LaunchScreen.storyboard */ = {
			isa = PBXVariantGroup;
			children = (
				6A93AFF025DAAAE700745E20 /* Base */,
			);
			name = LaunchScreen.storyboard;
			sourceTree = "<group>";
		};
/* End PBXVariantGroup section */

/* Begin XCBuildConfiguration section */
		6A93AFF325DAAAE700745E20 /* Debug */ = {
			isa = XCBuildConfiguration;
			buildSettings = {
				ALWAYS_SEARCH_USER_PATHS = NO;
				CLANG_ANALYZER_NONNULL = YES;
				CLANG_ANALYZER_NUMBER_OBJECT_CONVERSION = YES_AGGRESSIVE;
				CLANG_CXX_LANGUAGE_STANDARD = "gnu++14";
				CLANG_CXX_LIBRARY = "libc++";
				CLANG_ENABLE_MODULES = YES;
				CLANG_ENABLE_OBJC_ARC = YES;
				CLANG_ENABLE_OBJC_WEAK = YES;
				CLANG_WARN_BLOCK_CAPTURE_AUTORELEASING = YES;
				CLANG_WARN_BOOL_CONVERSION = YES;
				CLANG_WARN_COMMA = YES;
				CLANG_WARN_CONSTANT_CONVERSION = YES;
				CLANG_WARN_DEPRECATED_OBJC_IMPLEMENTATIONS = YES;
				CLANG_WARN_DIRECT_OBJC_ISA_USAGE = YES_ERROR;
				CLANG_WARN_DOCUMENTATION_COMMENTS = YES;
				CLANG_WARN_EMPTY_BODY = YES;
				CLANG_WARN_ENUM_CONVERSION = YES;
				CLANG_WARN_INFINITE_RECURSION = YES;
				CLANG_WARN_INT_CONVERSION = YES;
				CLANG_WARN_NON_LITERAL_NULL_CONVERSION = YES;
				CLANG_WARN_OBJC_IMPLICIT_RETAIN_SELF = YES;
				CLANG_WARN_OBJC_LITERAL_CONVERSION = YES;
				CLANG_WARN_OBJC_ROOT_CLASS = YES_ERROR;
				CLANG_WARN_QUOTED_INCLUDE_IN_FRAMEWORK_HEADER = YES;
				CLANG_WARN_RANGE_LOOP_ANALYSIS = YES;
				CLANG_WARN_STRICT_PROTOTYPES = YES;
				CLANG_WARN_SUSPICIOUS_MOVE = YES;
				CLANG_WARN_UNGUARDED_AVAILABILITY = YES_AGGRESSIVE;
				CLANG_WARN_UNREACHABLE_CODE = YES;
				CLANG_WARN__DUPLICATE_METHOD_MATCH = YES;
				COPY_PHASE_STRIP = NO;
				DEBUG_INFORMATION_FORMAT = dwarf;
				ENABLE_STRICT_OBJC_MSGSEND = YES;
				ENABLE_TESTABILITY = YES;
				GCC_C_LANGUAGE_STANDARD = gnu11;
				GCC_DYNAMIC_NO_PIC = NO;
				GCC_NO_COMMON_BLOCKS = YES;
				GCC_OPTIMIZATION_LEVEL = 0;
				GCC_PREPROCESSOR_DEFINITIONS = (
					"DEBUG=1",
					"$(inherited)",
				);
				GCC_WARN_64_TO_32_BIT_CONVERSION = YES;
				GCC_WARN_ABOUT_RETURN_TYPE = YES_ERROR;
				GCC_WARN_UNDECLARED_SELECTOR = YES;
				GCC_WARN_UNINITIALIZED_AUTOS = YES_AGGRESSIVE;
				GCC_WARN_UNUSED_FUNCTION = YES;
				GCC_WARN_UNUSED_VARIABLE = YES;
				IPHONEOS_DEPLOYMENT_TARGET = 14.4;
				MTL_ENABLE_DEBUG_INFO = INCLUDE_SOURCE;
				MTL_FAST_MATH = YES;
				ONLY_ACTIVE_ARCH = YES;
				SDKROOT = iphoneos;
				SWIFT_ACTIVE_COMPILATION_CONDITIONS = DEBUG;
				SWIFT_OPTIMIZATION_LEVEL = "-Onone";
			};
			name = Debug;
		};
		6A93AFF425DAAAE700745E20 /* Release */ = {
			isa = XCBuildConfiguration;
			buildSettings = {
				ALWAYS_SEARCH_USER_PATHS = NO;
				CLANG_ANALYZER_NONNULL = YES;
				CLANG_ANALYZER_NUMBER_OBJECT_CONVERSION = YES_AGGRESSIVE;
				CLANG_CXX_LANGUAGE_STANDARD = "gnu++14";
				CLANG_CXX_LIBRARY = "libc++";
				CLANG_ENABLE_MODULES = YES;
				CLANG_ENABLE_OBJC_ARC = YES;
				CLANG_ENABLE_OBJC_WEAK = YES;
				CLANG_WARN_BLOCK_CAPTURE_AUTORELEASING = YES;
				CLANG_WARN_BOOL_CONVERSION = YES;
				CLANG_WARN_COMMA = YES;
				CLANG_WARN_CONSTANT_CONVERSION = YES;
				CLANG_WARN_DEPRECATED_OBJC_IMPLEMENTATIONS = YES;
				CLANG_WARN_DIRECT_OBJC_ISA_USAGE = YES_ERROR;
				CLANG_WARN_DOCUMENTATION_COMMENTS = YES;
				CLANG_WARN_EMPTY_BODY = YES;
				CLANG_WARN_ENUM_CONVERSION = YES;
				CLANG_WARN_INFINITE_RECURSION = YES;
				CLANG_WARN_INT_CONVERSION = YES;
				CLANG_WARN_NON_LITERAL_NULL_CONVERSION = YES;
				CLANG_WARN_OBJC_IMPLICIT_RETAIN_SELF = YES;
				CLANG_WARN_OBJC_LITERAL_CONVERSION = YES;
				CLANG_WARN_OBJC_ROOT_CLASS = YES_ERROR;
				CLANG_WARN_QUOTED_INCLUDE_IN_FRAMEWORK_HEADER = YES;
				CLANG_WARN_RANGE_LOOP_ANALYSIS = YES;
				CLANG_WARN_STRICT_PROTOTYPES = YES;
				CLANG_WARN_SUSPICIOUS_MOVE = YES;
				CLANG_WARN_UNGUARDED_AVAILABILITY = YES_AGGRESSIVE;
				CLANG_WARN_UNREACHABLE_CODE = YES;
				CLANG_WARN__DUPLICATE_METHOD_MATCH = YES;
				COPY_PHASE_STRIP = NO;
				DEBUG_INFORMATION_FORMAT = "dwarf-with-dsym";
				ENABLE_NS_ASSERTIONS = NO;
				ENABLE_STRICT_OBJC_MSGSEND = YES;
				GCC_C_LANGUAGE_STANDARD = gnu11;
				GCC_NO_COMMON_BLOCKS = YES;
				GCC_WARN_64_TO_32_BIT_CONVERSION = YES;
				GCC_WARN_ABOUT_RETURN_TYPE = YES_ERROR;
				GCC_WARN_UNDECLARED_SELECTOR = YES;
				GCC_WARN_UNINITIALIZED_AUTOS = YES_AGGRESSIVE;
				GCC_WARN_UNUSED_FUNCTION = YES;
				GCC_WARN_UNUSED_VARIABLE = YES;
				IPHONEOS_DEPLOYMENT_TARGET = 14.4;
				MTL_ENABLE_DEBUG_INFO = NO;
				MTL_FAST_MATH = YES;
				SDKROOT = iphoneos;
				SWIFT_COMPILATION_MODE = wholemodule;
				SWIFT_OPTIMIZATION_LEVEL = "-O";
				VALIDATE_PRODUCT = YES;
			};
			name = Release;
		};
		6A93AFF625DAAAE700745E20 /* Debug */ = {
			isa = XCBuildConfiguration;
			buildSettings = {
				ASSETCATALOG_COMPILER_APPICON_NAME = AppIcon;
				ASSETCATALOG_COMPILER_GLOBAL_ACCENT_COLOR_NAME = AccentColor;
				CODE_SIGN_STYLE = Automatic;
				DEVELOPMENT_TEAM = Q25U65UWAP;
				INFOPLIST_FILE = DeliveryMinhyuk/Info.plist;
				LD_RUNPATH_SEARCH_PATHS = (
					"$(inherited)",
					"@executable_path/Frameworks",
				);
				PRODUCT_BUNDLE_IDENTIFIER = com.yujin.DeliveryMinhyuk;
				PRODUCT_NAME = "$(TARGET_NAME)";
				SWIFT_VERSION = 5.0;
				TARGETED_DEVICE_FAMILY = "1,2";
			};
			name = Debug;
		};
		6A93AFF725DAAAE700745E20 /* Release */ = {
			isa = XCBuildConfiguration;
			buildSettings = {
				ASSETCATALOG_COMPILER_APPICON_NAME = AppIcon;
				ASSETCATALOG_COMPILER_GLOBAL_ACCENT_COLOR_NAME = AccentColor;
				CODE_SIGN_STYLE = Automatic;
				DEVELOPMENT_TEAM = Q25U65UWAP;
				INFOPLIST_FILE = DeliveryMinhyuk/Info.plist;
				LD_RUNPATH_SEARCH_PATHS = (
					"$(inherited)",
					"@executable_path/Frameworks",
				);
				PRODUCT_BUNDLE_IDENTIFIER = com.yujin.DeliveryMinhyuk;
				PRODUCT_NAME = "$(TARGET_NAME)";
				SWIFT_VERSION = 5.0;
				TARGETED_DEVICE_FAMILY = "1,2";
			};
			name = Release;
		};
/* End XCBuildConfiguration section */

/* Begin XCConfigurationList section */
		6A93AFDC25DAAAE600745E20 /* Build configuration list for PBXProject "DeliveryMinhyuk" */ = {
			isa = XCConfigurationList;
			buildConfigurations = (
				6A93AFF325DAAAE700745E20 /* Debug */,
				6A93AFF425DAAAE700745E20 /* Release */,
			);
			defaultConfigurationIsVisible = 0;
			defaultConfigurationName = Release;
		};
		6A93AFF525DAAAE700745E20 /* Build configuration list for PBXNativeTarget "DeliveryMinhyuk" */ = {
			isa = XCConfigurationList;
			buildConfigurations = (
				6A93AFF625DAAAE700745E20 /* Debug */,
				6A93AFF725DAAAE700745E20 /* Release */,
			);
			defaultConfigurationIsVisible = 0;
			defaultConfigurationName = Release;
		};
/* End XCConfigurationList section */
	};
	rootObject = 6A93AFD925DAAAE600745E20 /* Project object */;
}
